
Microsoft Visual Studio Solution File, Format Version 12.00
# Visual Studio Version 16
VisualStudioVersion = 16.0.29709.97
MinimumVisualStudioVersion = 10.0.40219.1
Project("{FAE04EC0-301F-11D3-BF4B-00C04F79EFBC}") = "PCBuilding", "PCBuilding.csproj", "{09FFBAA9-3CB1-4627-99AC-0FC2149EDE39}"
EndProject
Global
	GlobalSection(SolutionConfigurationPlatforms) = preSolution
		Debug|Any CPU = Debug|Any CPU
		Release|Any CPU = Release|Any CPU
	EndGlobalSection
	GlobalSection(ProjectConfigurationPlatforms) = postSolution
		{09FFBAA9-3CB1-4627-99AC-0FC2149EDE39}.Debug|Any CPU.ActiveCfg = Debug|Any CPU
		{09FFBAA9-3CB1-4627-99AC-0FC2149EDE39}.Debug|Any CPU.Build.0 = Debug|Any CPU
		{09FFBAA9-3CB1-4627-99AC-0FC2149EDE39}.Release|Any CPU.ActiveCfg = Release|Any CPU
		{09FFBAA9-3CB1-4627-99AC-0FC2149EDE39}.Release|Any CPU.Build.0 = Release|Any CPU
	EndGlobalSection
	GlobalSection(SolutionProperties) = preSolution
		HideSolutionNode = FALSE
	EndGlobalSection
	GlobalSection(ExtensibilityGlobals) = postSolution
		SolutionGuid = {E189D056-D073-46DC-9442-B2FCF000CA83}
	EndGlobalSection
EndGlobal
